
Microsoft Visual Studio Solution File, Format Version 12.00
# Visual Studio Version 17
VisualStudioVersion = 17.4.33122.133
MinimumVisualStudioVersion = 10.0.40219.1
Project("{9A19103F-16F7-4668-BE54-9A1E7A4F7556}") = "OpenAI.Net", "OpenAI.Net\OpenAI.Net.csproj", "{30D27AD9-3BAC-4AFF-B5D9-408AD4D125CE}"
EndProject
Project("{9A19103F-16F7-4668-BE54-9A1E7A4F7556}") = "OpenAI.Net.Tests", "OpenAI.Net.Tests\OpenAI.Net.Tests.csproj", "{35D5C48B-BBB6-4D5E-A1CC-995A7D009874}"
EndProject
Global
	GlobalSection(SolutionConfigurationPlatforms) = preSolution
		Debug|Any CPU = Debug|Any CPU
		Release|Any CPU = Release|Any CPU
	EndGlobalSection
	GlobalSection(ProjectConfigurationPlatforms) = postSolution
		{30D27AD9-3BAC-4AFF-B5D9-408AD4D125CE}.Debug|Any CPU.ActiveCfg = Debug|Any CPU
		{30D27AD9-3BAC-4AFF-B5D9-408AD4D125CE}.Debug|Any CPU.Build.0 = Debug|Any CPU
		{30D27AD9-3BAC-4AFF-B5D9-408AD4D125CE}.Release|Any CPU.ActiveCfg = Release|Any CPU
		{30D27AD9-3BAC-4AFF-B5D9-408AD4D125CE}.Release|Any CPU.Build.0 = Release|Any CPU
		{35D5C48B-BBB6-4D5E-A1CC-995A7D009874}.Debug|Any CPU.ActiveCfg = Debug|Any CPU
		{35D5C48B-BBB6-4D5E-A1CC-995A7D009874}.Debug|Any CPU.Build.0 = Debug|Any CPU
		{35D5C48B-BBB6-4D5E-A1CC-995A7D009874}.Release|Any CPU.ActiveCfg = Release|Any CPU
		{35D5C48B-BBB6-4D5E-A1CC-995A7D009874}.Release|Any CPU.Build.0 = Release|Any CPU
	EndGlobalSection
	GlobalSection(SolutionProperties) = preSolution
		HideSolutionNode = FALSE
	EndGlobalSection
	GlobalSection(ExtensibilityGlobals) = postSolution
		SolutionGuid = {EC2BD365-8E89-496D-9021-E3F00C1D0DE2}
	EndGlobalSection
EndGlobal
